
Microsoft Visual Studio Solution File, Format Version 12.00
# Visual Studio Version 17
VisualStudioVersion = 17.10.35027.167
MinimumVisualStudioVersion = 10.0.40219.1
Project("{8BC9CEB8-8B4A-11D0-8D11-00A0C91BC942}") = "DXErr", "DxErr\DXErr.vcxproj", "{9909248F-84AA-40F6-BDD2-E75FD4C76172}"
EndProject
Global
	GlobalSection(SolutionConfigurationPlatforms) = preSolution
		Debug-ANSI|ARM = Debug-ANSI|ARM
		Debug-ANSI|ARM64 = Debug-ANSI|ARM64
		Debug-ANSI|ARM64EC = Debug-ANSI|ARM64EC
		Debug-ANSI|x64 = Debug-ANSI|x64
		Debug-ANSI|x86 = Debug-ANSI|x86
		Debug-Unicode|ARM = Debug-Unicode|ARM
		Debug-Unicode|ARM64 = Debug-Unicode|ARM64
		Debug-Unicode|ARM64EC = Debug-Unicode|ARM64EC
		Debug-Unicode|x64 = Debug-Unicode|x64
		Debug-Unicode|x86 = Debug-Unicode|x86
		Release-ANSI|ARM = Release-ANSI|ARM
		Release-ANSI|ARM64 = Release-ANSI|ARM64
		Release-ANSI|ARM64EC = Release-ANSI|ARM64EC
		Release-ANSI|x64 = Release-ANSI|x64
		Release-ANSI|x86 = Release-ANSI|x86
		Release-Unicode|ARM = Release-Unicode|ARM
		Release-Unicode|ARM64 = Release-Unicode|ARM64
		Release-Unicode|ARM64EC = Release-Unicode|ARM64EC
		Release-Unicode|x64 = Release-Unicode|x64
		Release-Unicode|x86 = Release-Unicode|x86
	EndGlobalSection
	GlobalSection(ProjectConfigurationPlatforms) = postSolution
		{9909248F-84AA-40F6-BDD2-E75FD4C76172}.Debug-ANSI|ARM.ActiveCfg = Debug-ANSI|ARM
		{9909248F-84AA-40F6-BDD2-E75FD4C76172}.Debug-ANSI|ARM.Build.0 = Debug-ANSI|ARM
		{9909248F-84AA-40F6-BDD2-E75FD4C76172}.Debug-ANSI|ARM64.ActiveCfg = Debug-ANSI|ARM64
		{9909248F-84AA-40F6-BDD2-E75FD4C76172}.Debug-ANSI|ARM64.Build.0 = Debug-ANSI|ARM64
		{9909248F-84AA-40F6-BDD2-E75FD4C76172}.Debug-ANSI|ARM64EC.ActiveCfg = Debug-ANSI|ARM64EC
		{9909248F-84AA-40F6-BDD2-E75FD4C76172}.Debug-ANSI|ARM64EC.Build.0 = Debug-ANSI|ARM64EC
		{9909248F-84AA-40F6-BDD2-E75FD4C76172}.Debug-ANSI|x64.ActiveCfg = Debug-ANSI|x64
		{9909248F-84AA-40F6-BDD2-E75FD4C76172}.Debug-ANSI|x64.Build.0 = Debug-ANSI|x64
		{9909248F-84AA-40F6-BDD2-E75FD4C76172}.Debug-ANSI|x86.ActiveCfg = Debug-ANSI|Win32
		{9909248F-84AA-40F6-BDD2-E75FD4C76172}.Debug-ANSI|x86.Build.0 = Debug-ANSI|Win32
		{9909248F-84AA-40F6-BDD2-E75FD4C76172}.Debug-Unicode|ARM.ActiveCfg = Debug-Unicode|ARM
		{9909248F-84AA-40F6-BDD2-E75FD4C76172}.Debug-Unicode|ARM.Build.0 = Debug-Unicode|ARM
		{9909248F-84AA-40F6-BDD2-E75FD4C76172}.Debug-Unicode|ARM64.ActiveCfg = Debug-Unicode|ARM64
		{9909248F-84AA-40F6-BDD2-E75FD4C76172}.Debug-Unicode|ARM64.Build.0 = Debug-Unicode|ARM64
		{9909248F-84AA-40F6-BDD2-E75FD4C76172}.Debug-Unicode|ARM64EC.ActiveCfg = Debug-Unicode|ARM64EC
		{9909248F-84AA-40F6-BDD2-E75FD4C76172}.Debug-Unicode|ARM64EC.Build.0 = Debug-Unicode|ARM64EC
		{9909248F-84AA-40F6-BDD2-E75FD4C76172}.Debug-Unicode|x64.ActiveCfg = Debug-Unicode|x64
		{9909248F-84AA-40F6-BDD2-E75FD4C76172}.Debug-Unicode|x64.Build.0 = Debug-Unicode|x64
		{9909248F-84AA-40F6-BDD2-E75FD4C76172}.Debug-Unicode|x86.ActiveCfg = Debug-Unicode|Win32
		{9909248F-84AA-40F6-BDD2-E75FD4C76172}.Debug-Unicode|x86.Build.0 = Debug-Unicode|Win32
		{9909248F-84AA-40F6-BDD2-E75FD4C76172}.Release-ANSI|ARM.ActiveCfg = Release-ANSI|ARM
		{9909248F-84AA-40F6-BDD2-E75FD4C76172}.Release-ANSI|ARM.Build.0 = Release-ANSI|ARM
		{9909248F-84AA-40F6-BDD2-E75FD4C76172}.Release-ANSI|ARM64.ActiveCfg = Release-ANSI|ARM64
		{9909248F-84AA-40F6-BDD2-E75FD4C76172}.Release-ANSI|ARM64.Build.0 = Release-ANSI|ARM64
		{9909248F-84AA-40F6-BDD2-E75FD4C76172}.Release-ANSI|ARM64EC.ActiveCfg = Release-ANSI|ARM64EC
		{9909248F-84AA-40F6-BDD2-E75FD4C76172}.Release-ANSI|ARM64EC.Build.0 = Release-ANSI|ARM64EC
		{9909248F-84AA-40F6-BDD2-E75FD4C76172}.Release-ANSI|x64.ActiveCfg = Release-ANSI|x64
		{9909248F-84AA-40F6-BDD2-E75FD4C76172}.Release-ANSI|x64.Build.0 = Release-ANSI|x64
		{9909248F-84AA-40F6-BDD2-E75FD4C76172}.Release-ANSI|x86.ActiveCfg = Release-ANSI|Win32
		{9909248F-84AA-40F6-BDD2-E75FD4C76172}.Release-ANSI|x86.Build.0 = Release-ANSI|Win32
		{9909248F-84AA-40F6-BDD2-E75FD4C76172}.Release-Unicode|ARM.ActiveCfg = Release-Unicode|ARM
		{9909248F-84AA-40F6-BDD2-E75FD4C76172}.Release-Unicode|ARM.Build.0 = Release-Unicode|ARM
		{9909248F-84AA-40F6-BDD2-E75FD4C76172}.Release-Unicode|ARM64.ActiveCfg = Release-Unicode|ARM64
		{9909248F-84AA-40F6-BDD2-E75FD4C76172}.Release-Unicode|ARM64.Build.0 = Release-Unicode|ARM64
		{9909248F-84AA-40F6-BDD2-E75FD4C76172}.Release-Unicode|ARM64EC.ActiveCfg = Release-Unicode|ARM64EC
		{9909248F-84AA-40F6-BDD2-E75FD4C76172}.Release-Unicode|ARM64EC.Build.0 = Release-Unicode|ARM64EC
		{9909248F-84AA-40F6-BDD2-E75FD4C76172}.Release-Unicode|x64.ActiveCfg = Release-Unicode|x64
		{9909248F-84AA-40F6-BDD2-E75FD4C76172}.Release-Unicode|x64.Build.0 = Release-Unicode|x64
		{9909248F-84AA-40F6-BDD2-E75FD4C76172}.Release-Unicode|x86.ActiveCfg = Release-Unicode|Win32
		{9909248F-84AA-40F6-BDD2-E75FD4C76172}.Release-Unicode|x86.Build.0 = Release-Unicode|Win32
	EndGlobalSection
	GlobalSection(SolutionProperties) = preSolution
		HideSolutionNode = FALSE
	EndGlobalSection
	GlobalSection(ExtensibilityGlobals) = postSolution
		SolutionGuid = {0F81BAEE-39B8-4384-B813-0ABD85C4494C}
	EndGlobalSection
EndGlobal
